
Microsoft Visual Studio Solution File, Format Version 12.00
# Visual Studio Version 17
VisualStudioVersion = 17.9.34607.119
MinimumVisualStudioVersion = 10.0.40219.1
Project("{8BC9CEB8-8B4A-11D0-8D11-00A0C91BC942}") = "Task1_lessom20", "Task1_lessom20\Task1_lessom20.vcxproj", "{B1BB85D6-A30B-4ABB-A369-B066BD29E2BB}"
EndProject
Global
	GlobalSection(SolutionConfigurationPlatforms) = preSolution
		Debug|x64 = Debug|x64
		Debug|x86 = Debug|x86
		Release|x64 = Release|x64
		Release|x86 = Release|x86
	EndGlobalSection
	GlobalSection(ProjectConfigurationPlatforms) = postSolution
		{B1BB85D6-A30B-4ABB-A369-B066BD29E2BB}.Debug|x64.ActiveCfg = Debug|x64
		{B1BB85D6-A30B-4ABB-A369-B066BD29E2BB}.Debug|x64.Build.0 = Debug|x64
		{B1BB85D6-A30B-4ABB-A369-B066BD29E2BB}.Debug|x86.ActiveCfg = Debug|Win32
		{B1BB85D6-A30B-4ABB-A369-B066BD29E2BB}.Debug|x86.Build.0 = Debug|Win32
		{B1BB85D6-A30B-4ABB-A369-B066BD29E2BB}.Release|x64.ActiveCfg = Release|x64
		{B1BB85D6-A30B-4ABB-A369-B066BD29E2BB}.Release|x64.Build.0 = Release|x64
		{B1BB85D6-A30B-4ABB-A369-B066BD29E2BB}.Release|x86.ActiveCfg = Release|Win32
		{B1BB85D6-A30B-4ABB-A369-B066BD29E2BB}.Release|x86.Build.0 = Release|Win32
	EndGlobalSection
	GlobalSection(SolutionProperties) = preSolution
		HideSolutionNode = FALSE
	EndGlobalSection
	GlobalSection(ExtensibilityGlobals) = postSolution
		SolutionGuid = {0C1458E5-BE70-47F6-9DE6-BCAA79AF9AD5}
	EndGlobalSection
EndGlobal
